
Microsoft Visual Studio Solution File, Format Version 12.00
# Visual Studio Version 16
VisualStudioVersion = 16.0.34301.259
MinimumVisualStudioVersion = 10.0.40219.1
Project("{8BC9CEB8-8B4A-11D0-8D11-00A0C91BC942}") = "Sliding Shot", "Sliding Shot\Sliding Shot.vcxproj", "{BA36294A-3BD6-4E99-9FA6-3ECF9DEE38EA}"
EndProject
Global
	GlobalSection(SolutionConfigurationPlatforms) = preSolution
		Debug|x64 = Debug|x64
		Debug|x86 = Debug|x86
		Release|x64 = Release|x64
		Release|x86 = Release|x86
	EndGlobalSection
	GlobalSection(ProjectConfigurationPlatforms) = postSolution
		{BA36294A-3BD6-4E99-9FA6-3ECF9DEE38EA}.Debug|x64.ActiveCfg = Debug|x64
		{BA36294A-3BD6-4E99-9FA6-3ECF9DEE38EA}.Debug|x64.Build.0 = Debug|x64
		{BA36294A-3BD6-4E99-9FA6-3ECF9DEE38EA}.Debug|x86.ActiveCfg = Debug|Win32
		{BA36294A-3BD6-4E99-9FA6-3ECF9DEE38EA}.Debug|x86.Build.0 = Debug|Win32
		{BA36294A-3BD6-4E99-9FA6-3ECF9DEE38EA}.Release|x64.ActiveCfg = Release|x64
		{BA36294A-3BD6-4E99-9FA6-3ECF9DEE38EA}.Release|x64.Build.0 = Release|x64
		{BA36294A-3BD6-4E99-9FA6-3ECF9DEE38EA}.Release|x86.ActiveCfg = Release|Win32
		{BA36294A-3BD6-4E99-9FA6-3ECF9DEE38EA}.Release|x86.Build.0 = Release|Win32
	EndGlobalSection
	GlobalSection(SolutionProperties) = preSolution
		HideSolutionNode = FALSE
	EndGlobalSection
	GlobalSection(ExtensibilityGlobals) = postSolution
		SolutionGuid = {A53FE9F0-9F4C-4D4A-98F1-639C86577882}
	EndGlobalSection
EndGlobal
